// !$*UTF8*$!
{
	archiveVersion = 1;
	classes = {
	};
	objectVersion = 55;
	objects = {

/* Begin PBXBuildFile section */
		6F137BA02875018400F3C4CA /* Tests_iOS.swift in Sources */ = {isa = PBXBuildFile; fileRef = 6F137B9F2875018400F3C4CA /* Tests_iOS.swift */; };
		6F137BA22875018400F3C4CA /* Tests_iOSLaunchTests.swift in Sources */ = {isa = PBXBuildFile; fileRef = 6F137BA12875018400F3C4CA /* Tests_iOSLaunchTests.swift */; };
		6F137BAC2875018400F3C4CA /* Tests_macOS.swift in Sources */ = {isa = PBXBuildFile; fileRef = 6F137BAB2875018400F3C4CA /* Tests_macOS.swift */; };
		6F137BAE2875018400F3C4CA /* Tests_macOSLaunchTests.swift in Sources */ = {isa = PBXBuildFile; fileRef = 6F137BAD2875018400F3C4CA /* Tests_macOSLaunchTests.swift */; };
		6F137BAF2875018400F3C4CA /* LearningMachineLearning.xcdatamodeld in Sources */ = {isa = PBXBuildFile; fileRef = 6F137B842875018100F3C4CA /* LearningMachineLearning.xcdatamodeld */; };
		6F137BB02875018400F3C4CA /* LearningMachineLearning.xcdatamodeld in Sources */ = {isa = PBXBuildFile; fileRef = 6F137B842875018100F3C4CA /* LearningMachineLearning.xcdatamodeld */; };
		6F137BB12875018400F3C4CA /* LearningMachineLearningApp.swift in Sources */ = {isa = PBXBuildFile; fileRef = 6F137B862875018100F3C4CA /* LearningMachineLearningApp.swift */; };
		6F137BB22875018400F3C4CA /* LearningMachineLearningApp.swift in Sources */ = {isa = PBXBuildFile; fileRef = 6F137B862875018100F3C4CA /* LearningMachineLearningApp.swift */; };
		6F137BB32875018400F3C4CA /* ContentView.swift in Sources */ = {isa = PBXBuildFile; fileRef = 6F137B872875018100F3C4CA /* ContentView.swift */; };
		6F137BB42875018400F3C4CA /* ContentView.swift in Sources */ = {isa = PBXBuildFile; fileRef = 6F137B872875018100F3C4CA /* ContentView.swift */; };
		6F137BB52875018400F3C4CA /* Persistence.swift in Sources */ = {isa = PBXBuildFile; fileRef = 6F137B882875018100F3C4CA /* Persistence.swift */; };
		6F137BB62875018400F3C4CA /* Persistence.swift in Sources */ = {isa = PBXBuildFile; fileRef = 6F137B882875018100F3C4CA /* Persistence.swift */; };
		6F137BB72875018400F3C4CA /* Assets.xcassets in Resources */ = {isa = PBXBuildFile; fileRef = 6F137B892875018300F3C4CA /* Assets.xcassets */; };
		6F137BB82875018400F3C4CA /* Assets.xcassets in Resources */ = {isa = PBXBuildFile; fileRef = 6F137B892875018300F3C4CA /* Assets.xcassets */; };
		6F137BD028774F6B00F3C4CA /* TextScanner.swift in Sources */ = {isa = PBXBuildFile; fileRef = 6F137BCF28774F6B00F3C4CA /* TextScanner.swift */; };
		6F137BD128774F6B00F3C4CA /* TextScanner.swift in Sources */ = {isa = PBXBuildFile; fileRef = 6F137BCF28774F6B00F3C4CA /* TextScanner.swift */; };
		6F137BD528774FD600F3C4CA /* MainView.swift in Sources */ = {isa = PBXBuildFile; fileRef = 6F137BD428774FD600F3C4CA /* MainView.swift */; };
		6F137BD628774FD600F3C4CA /* MainView.swift in Sources */ = {isa = PBXBuildFile; fileRef = 6F137BD428774FD600F3C4CA /* MainView.swift */; };
		6F137BD82877562000F3C4CA /* TextPreviewView.swift in Sources */ = {isa = PBXBuildFile; fileRef = 6F137BD72877562000F3C4CA /* TextPreviewView.swift */; };
		6F137BD92877562000F3C4CA /* TextPreviewView.swift in Sources */ = {isa = PBXBuildFile; fileRef = 6F137BD72877562000F3C4CA /* TextPreviewView.swift */; };
		6F137BDA2877562000F3C4CA /* TextPreviewView.swift in Sources */ = {isa = PBXBuildFile; fileRef = 6F137BD72877562000F3C4CA /* TextPreviewView.swift */; };
		6F137BDB2877562000F3C4CA /* TextPreviewView.swift in Sources */ = {isa = PBXBuildFile; fileRef = 6F137BD72877562000F3C4CA /* TextPreviewView.swift */; };
		6F8FB3FC2877BC7900AEF925 /* TextScannerModel.swift in Sources */ = {isa = PBXBuildFile; fileRef = 6F8FB3FB2877BC7900AEF925 /* TextScannerModel.swift */; };
		6F8FB3FD2877BC8100AEF925 /* TextScannerModel.swift in Sources */ = {isa = PBXBuildFile; fileRef = 6F8FB3FB2877BC7900AEF925 /* TextScannerModel.swift */; };
		6F8FB3FF2877BCD000AEF925 /* TextScanner.swift in Sources */ = {isa = PBXBuildFile; fileRef = 6F137BCF28774F6B00F3C4CA /* TextScanner.swift */; };
		6F8FB4002877BCD000AEF925 /* TextScanner.swift in Sources */ = {isa = PBXBuildFile; fileRef = 6F137BCF28774F6B00F3C4CA /* TextScanner.swift */; };
		6F8FB4032877BCF200AEF925 /* ScannerView.swift in Sources */ = {isa = PBXBuildFile; fileRef = 6F8FB4022877BCF200AEF925 /* ScannerView.swift */; };
		6F8FB4042877BCF200AEF925 /* ScannerView.swift in Sources */ = {isa = PBXBuildFile; fileRef = 6F8FB4022877BCF200AEF925 /* ScannerView.swift */; };
		6F8FB4062877BD1800AEF925 /* TextRecognition.swift in Sources */ = {isa = PBXBuildFile; fileRef = 6F8FB4052877BD1800AEF925 /* TextRecognition.swift */; };
		6F8FB4072877BD1800AEF925 /* TextRecognition.swift in Sources */ = {isa = PBXBuildFile; fileRef = 6F8FB4052877BD1800AEF925 /* TextRecognition.swift */; };
		6F8FB40D2877C72400AEF925 /* ButtonView.swift in Sources */ = {isa = PBXBuildFile; fileRef = 6F8FB40C2877C72400AEF925 /* ButtonView.swift */; };
		6F8FB40E2877C72400AEF925 /* ButtonView.swift in Sources */ = {isa = PBXBuildFile; fileRef = 6F8FB40C2877C72400AEF925 /* ButtonView.swift */; };
		6F8FB4102877CD2600AEF925 /* Constants.swift in Sources */ = {isa = PBXBuildFile; fileRef = 6F8FB40F2877CD2600AEF925 /* Constants.swift */; };
		6F8FB4112877CD2600AEF925 /* Constants.swift in Sources */ = {isa = PBXBuildFile; fileRef = 6F8FB40F2877CD2600AEF925 /* Constants.swift */; };
/* End PBXBuildFile section */

/* Begin PBXContainerItemProxy section */
		6F137B9C2875018400F3C4CA /* PBXContainerItemProxy */ = {
			isa = PBXContainerItemProxy;
			containerPortal = 6F137B7F2875018100F3C4CA /* Project object */;
			proxyType = 1;
			remoteGlobalIDString = 6F137B8D2875018300F3C4CA;
			remoteInfo = "LearningMachineLearning (iOS)";
		};
		6F137BA82875018400F3C4CA /* PBXContainerItemProxy */ = {
			isa = PBXContainerItemProxy;
			containerPortal = 6F137B7F2875018100F3C4CA /* Project object */;
			proxyType = 1;
			remoteGlobalIDString = 6F137B932875018300F3C4CA;
			remoteInfo = "LearningMachineLearning (macOS)";
		};
/* End PBXContainerItemProxy section */

/* Begin PBXFileReference section */
		6F137B852875018100F3C4CA /* Shared.xcdatamodel */ = {isa = PBXFileReference; lastKnownFileType = wrapper.xcdatamodel; path = Shared.xcdatamodel; sourceTree = "<group>"; };
		6F137B862875018100F3C4CA /* LearningMachineLearningApp.swift */ = {isa = PBXFileReference; lastKnownFileType = sourcecode.swift; path = LearningMachineLearningApp.swift; sourceTree = "<group>"; };
		6F137B872875018100F3C4CA /* ContentView.swift */ = {isa = PBXFileReference; lastKnownFileType = sourcecode.swift; path = ContentView.swift; sourceTree = "<group>"; };
		6F137B882875018100F3C4CA /* Persistence.swift */ = {isa = PBXFileReference; lastKnownFileType = sourcecode.swift; path = Persistence.swift; sourceTree = "<group>"; };
		6F137B892875018300F3C4CA /* Assets.xcassets */ = {isa = PBXFileReference; lastKnownFileType = folder.assetcatalog; path = Assets.xcassets; sourceTree = "<group>"; };
		6F137B8E2875018300F3C4CA /* LearningMachineLearning.app */ = {isa = PBXFileReference; explicitFileType = wrapper.application; includeInIndex = 0; path = LearningMachineLearning.app; sourceTree = BUILT_PRODUCTS_DIR; };
		6F137B942875018300F3C4CA /* LearningMachineLearning.app */ = {isa = PBXFileReference; explicitFileType = wrapper.application; includeInIndex = 0; path = LearningMachineLearning.app; sourceTree = BUILT_PRODUCTS_DIR; };
		6F137B962875018300F3C4CA /* macOS.entitlements */ = {isa = PBXFileReference; lastKnownFileType = text.plist.entitlements; path = macOS.entitlements; sourceTree = "<group>"; };
		6F137B9B2875018400F3C4CA /* Tests iOS.xctest */ = {isa = PBXFileReference; explicitFileType = wrapper.cfbundle; includeInIndex = 0; path = "Tests iOS.xctest"; sourceTree = BUILT_PRODUCTS_DIR; };
		6F137B9F2875018400F3C4CA /* Tests_iOS.swift */ = {isa = PBXFileReference; lastKnownFileType = sourcecode.swift; path = Tests_iOS.swift; sourceTree = "<group>"; };
		6F137BA12875018400F3C4CA /* Tests_iOSLaunchTests.swift */ = {isa = PBXFileReference; lastKnownFileType = sourcecode.swift; path = Tests_iOSLaunchTests.swift; sourceTree = "<group>"; };
		6F137BA72875018400F3C4CA /* Tests macOS.xctest */ = {isa = PBXFileReference; explicitFileType = wrapper.cfbundle; includeInIndex = 0; path = "Tests macOS.xctest"; sourceTree = BUILT_PRODUCTS_DIR; };
		6F137BAB2875018400F3C4CA /* Tests_macOS.swift */ = {isa = PBXFileReference; lastKnownFileType = sourcecode.swift; path = Tests_macOS.swift; sourceTree = "<group>"; };
		6F137BAD2875018400F3C4CA /* Tests_macOSLaunchTests.swift */ = {isa = PBXFileReference; lastKnownFileType = sourcecode.swift; path = Tests_macOSLaunchTests.swift; sourceTree = "<group>"; };
		6F137BCF28774F6B00F3C4CA /* TextScanner.swift */ = {isa = PBXFileReference; lastKnownFileType = sourcecode.swift; path = TextScanner.swift; sourceTree = "<group>"; };
		6F137BD428774FD600F3C4CA /* MainView.swift */ = {isa = PBXFileReference; lastKnownFileType = sourcecode.swift; path = MainView.swift; sourceTree = "<group>"; };
		6F137BD72877562000F3C4CA /* TextPreviewView.swift */ = {isa = PBXFileReference; fileEncoding = 4; lastKnownFileType = sourcecode.swift; path = TextPreviewView.swift; sourceTree = "<group>"; };
		6F8FB3FB2877BC7900AEF925 /* TextScannerModel.swift */ = {isa = PBXFileReference; lastKnownFileType = sourcecode.swift; path = TextScannerModel.swift; sourceTree = "<group>"; };
		6F8FB4022877BCF200AEF925 /* ScannerView.swift */ = {isa = PBXFileReference; lastKnownFileType = sourcecode.swift; path = ScannerView.swift; sourceTree = "<group>"; };
		6F8FB4052877BD1800AEF925 /* TextRecognition.swift */ = {isa = PBXFileReference; lastKnownFileType = sourcecode.swift; path = TextRecognition.swift; sourceTree = "<group>"; };
		6F8FB40C2877C72400AEF925 /* ButtonView.swift */ = {isa = PBXFileReference; lastKnownFileType = sourcecode.swift; path = ButtonView.swift; sourceTree = "<group>"; };
		6F8FB40F2877CD2600AEF925 /* Constants.swift */ = {isa = PBXFileReference; lastKnownFileType = sourcecode.swift; path = Constants.swift; sourceTree = "<group>"; };
/* End PBXFileReference section */

/* Begin PBXFrameworksBuildPhase section */
		6F137B8B2875018300F3C4CA /* Frameworks */ = {
			isa = PBXFrameworksBuildPhase;
			buildActionMask = 2147483647;
			files = (
			);
			runOnlyForDeploymentPostprocessing = 0;
		};
		6F137B912875018300F3C4CA /* Frameworks */ = {
			isa = PBXFrameworksBuildPhase;
			buildActionMask = 2147483647;
			files = (
			);
			runOnlyForDeploymentPostprocessing = 0;
		};
		6F137B982875018400F3C4CA /* Frameworks */ = {
			isa = PBXFrameworksBuildPhase;
			buildActionMask = 2147483647;
			files = (
			);
			runOnlyForDeploymentPostprocessing = 0;
		};
		6F137BA42875018400F3C4CA /* Frameworks */ = {
			isa = PBXFrameworksBuildPhase;
			buildActionMask = 2147483647;
			files = (
			);
			runOnlyForDeploymentPostprocessing = 0;
		};
/* End PBXFrameworksBuildPhase section */

/* Begin PBXGroup section */
		6F137B7E2875018100F3C4CA = {
			isa = PBXGroup;
			children = (
				6F137B832875018100F3C4CA /* Shared */,
				6F137B952875018300F3C4CA /* macOS */,
				6F137B9E2875018400F3C4CA /* Tests iOS */,
				6F137BAA2875018400F3C4CA /* Tests macOS */,
				6F137B8F2875018300F3C4CA /* Products */,
			);
			sourceTree = "<group>";
		};
		6F137B832875018100F3C4CA /* Shared */ = {
			isa = PBXGroup;
			children = (
				6F137B862875018100F3C4CA /* LearningMachineLearningApp.swift */,
				6F137B872875018100F3C4CA /* ContentView.swift */,
				6F137BD428774FD600F3C4CA /* MainView.swift */,
				6F137BD228774FAE00F3C4CA /* Screens */,
				6F137B882875018100F3C4CA /* Persistence.swift */,
				6F137B892875018300F3C4CA /* Assets.xcassets */,
				6F137B842875018100F3C4CA /* LearningMachineLearning.xcdatamodeld */,
			);
			path = Shared;
			sourceTree = "<group>";
		};
		6F137B8F2875018300F3C4CA /* Products */ = {
			isa = PBXGroup;
			children = (
				6F137B8E2875018300F3C4CA /* LearningMachineLearning.app */,
				6F137B942875018300F3C4CA /* LearningMachineLearning.app */,
				6F137B9B2875018400F3C4CA /* Tests iOS.xctest */,
				6F137BA72875018400F3C4CA /* Tests macOS.xctest */,
			);
			name = Products;
			sourceTree = "<group>";
		};
		6F137B952875018300F3C4CA /* macOS */ = {
			isa = PBXGroup;
			children = (
				6F137B962875018300F3C4CA /* macOS.entitlements */,
			);
			path = macOS;
			sourceTree = "<group>";
		};
		6F137B9E2875018400F3C4CA /* Tests iOS */ = {
			isa = PBXGroup;
			children = (
				6F137B9F2875018400F3C4CA /* Tests_iOS.swift */,
				6F137BA12875018400F3C4CA /* Tests_iOSLaunchTests.swift */,
			);
			path = "Tests iOS";
			sourceTree = "<group>";
		};
		6F137BAA2875018400F3C4CA /* Tests macOS */ = {
			isa = PBXGroup;
			children = (
				6F137BAB2875018400F3C4CA /* Tests_macOS.swift */,
				6F137BAD2875018400F3C4CA /* Tests_macOSLaunchTests.swift */,
			);
			path = "Tests macOS";
			sourceTree = "<group>";
		};
		6F137BD228774FAE00F3C4CA /* Screens */ = {
			isa = PBXGroup;
			children = (
				6F8FB40B2877C6DC00AEF925 /* Commons */,
				6F137BD328774FB800F3C4CA /* TextScanner */,
			);
			path = Screens;
			sourceTree = "<group>";
		};
		6F137BD328774FB800F3C4CA /* TextScanner */ = {
			isa = PBXGroup;
			children = (
				6F8FB4012877BCD800AEF925 /* Controllers */,
				6F8FB3FE2877BCAE00AEF925 /* Views */,
				6F8FB3FA2877BC0300AEF925 /* Models */,
			);
			path = TextScanner;
			sourceTree = "<group>";
		};
		6F8FB3FA2877BC0300AEF925 /* Models */ = {
			isa = PBXGroup;
			children = (
				6F8FB3FB2877BC7900AEF925 /* TextScannerModel.swift */,
			);
			path = Models;
			sourceTree = "<group>";
		};
		6F8FB3FE2877BCAE00AEF925 /* Views */ = {
			isa = PBXGroup;
			children = (
				6F137BCF28774F6B00F3C4CA /* TextScanner.swift */,
				6F137BD72877562000F3C4CA /* TextPreviewView.swift */,
			);
			path = Views;
			sourceTree = "<group>";
		};
		6F8FB4012877BCD800AEF925 /* Controllers */ = {
			isa = PBXGroup;
			children = (
				6F8FB4022877BCF200AEF925 /* ScannerView.swift */,
				6F8FB4052877BD1800AEF925 /* TextRecognition.swift */,
			);
			path = Controllers;
			sourceTree = "<group>";
		};
		6F8FB40B2877C6DC00AEF925 /* Commons */ = {
			isa = PBXGroup;
			children = (
				6F8FB40C2877C72400AEF925 /* ButtonView.swift */,
				6F8FB40F2877CD2600AEF925 /* Constants.swift */,
			);
			path = Commons;
			sourceTree = "<group>";
		};
/* End PBXGroup section */

/* Begin PBXNativeTarget section */
		6F137B8D2875018300F3C4CA /* LearningMachineLearning (iOS) */ = {
			isa = PBXNativeTarget;
			buildConfigurationList = 6F137BBB2875018400F3C4CA /* Build configuration list for PBXNativeTarget "LearningMachineLearning (iOS)" */;
			buildPhases = (
				6F137B8A2875018300F3C4CA /* Sources */,
				6F137B8B2875018300F3C4CA /* Frameworks */,
				6F137B8C2875018300F3C4CA /* Resources */,
			);
			buildRules = (
			);
			dependencies = (
			);
			name = "LearningMachineLearning (iOS)";
			productName = "LearningMachineLearning (iOS)";
			productReference = 6F137B8E2875018300F3C4CA /* LearningMachineLearning.app */;
			productType = "com.apple.product-type.application";
		};
		6F137B932875018300F3C4CA /* LearningMachineLearning (macOS) */ = {
			isa = PBXNativeTarget;
			buildConfigurationList = 6F137BBE2875018400F3C4CA /* Build configuration list for PBXNativeTarget "LearningMachineLearning (macOS)" */;
			buildPhases = (
				6F137B902875018300F3C4CA /* Sources */,
				6F137B912875018300F3C4CA /* Frameworks */,
				6F137B922875018300F3C4CA /* Resources */,
			);
			buildRules = (
			);
			dependencies = (
			);
			name = "LearningMachineLearning (macOS)";
			productName = "LearningMachineLearning (macOS)";
			productReference = 6F137B942875018300F3C4CA /* LearningMachineLearning.app */;
			productType = "com.apple.product-type.application";
		};
		6F137B9A2875018400F3C4CA /* Tests iOS */ = {
			isa = PBXNativeTarget;
			buildConfigurationList = 6F137BC12875018400F3C4CA /* Build configuration list for PBXNativeTarget "Tests iOS" */;
			buildPhases = (
				6F137B972875018400F3C4CA /* Sources */,
				6F137B982875018400F3C4CA /* Frameworks */,
				6F137B992875018400F3C4CA /* Resources */,
			);
			buildRules = (
			);
			dependencies = (
				6F137B9D2875018400F3C4CA /* PBXTargetDependency */,
			);
			name = "Tests iOS";
			productName = "Tests iOS";
			productReference = 6F137B9B2875018400F3C4CA /* Tests iOS.xctest */;
			productType = "com.apple.product-type.bundle.ui-testing";
		};
		6F137BA62875018400F3C4CA /* Tests macOS */ = {
			isa = PBXNativeTarget;
			buildConfigurationList = 6F137BC42875018400F3C4CA /* Build configuration list for PBXNativeTarget "Tests macOS" */;
			buildPhases = (
				6F137BA32875018400F3C4CA /* Sources */,
				6F137BA42875018400F3C4CA /* Frameworks */,
				6F137BA52875018400F3C4CA /* Resources */,
			);
			buildRules = (
			);
			dependencies = (
				6F137BA92875018400F3C4CA /* PBXTargetDependency */,
			);
			name = "Tests macOS";
			productName = "Tests macOS";
			productReference = 6F137BA72875018400F3C4CA /* Tests macOS.xctest */;
			productType = "com.apple.product-type.bundle.ui-testing";
		};
/* End PBXNativeTarget section */

/* Begin PBXProject section */
		6F137B7F2875018100F3C4CA /* Project object */ = {
			isa = PBXProject;
			attributes = {
				BuildIndependentTargetsInParallel = 1;
				LastSwiftUpdateCheck = 1340;
				LastUpgradeCheck = 1340;
				TargetAttributes = {
					6F137B8D2875018300F3C4CA = {
						CreatedOnToolsVersion = 13.4.1;
					};
					6F137B932875018300F3C4CA = {
						CreatedOnToolsVersion = 13.4.1;
					};
					6F137B9A2875018400F3C4CA = {
						CreatedOnToolsVersion = 13.4.1;
						TestTargetID = 6F137B8D2875018300F3C4CA;
					};
					6F137BA62875018400F3C4CA = {
						CreatedOnToolsVersion = 13.4.1;
						TestTargetID = 6F137B932875018300F3C4CA;
					};
				};
			};
			buildConfigurationList = 6F137B822875018100F3C4CA /* Build configuration list for PBXProject "LearningMachineLearning" */;
			compatibilityVersion = "Xcode 13.0";
			developmentRegion = en;
			hasScannedForEncodings = 0;
			knownRegions = (
				en,
				Base,
			);
			mainGroup = 6F137B7E2875018100F3C4CA;
			productRefGroup = 6F137B8F2875018300F3C4CA /* Products */;
			projectDirPath = "";
			projectRoot = "";
			targets = (
				6F137B8D2875018300F3C4CA /* LearningMachineLearning (iOS) */,
				6F137B932875018300F3C4CA /* LearningMachineLearning (macOS) */,
				6F137B9A2875018400F3C4CA /* Tests iOS */,
				6F137BA62875018400F3C4CA /* Tests macOS */,
			);
		};
/* End PBXProject section */

/* Begin PBXResourcesBuildPhase section */
		6F137B8C2875018300F3C4CA /* Resources */ = {
			isa = PBXResourcesBuildPhase;
			buildActionMask = 2147483647;
			files = (
				6F137BB72875018400F3C4CA /* Assets.xcassets in Resources */,
			);
			runOnlyForDeploymentPostprocessing = 0;
		};
		6F137B922875018300F3C4CA /* Resources */ = {
			isa = PBXResourcesBuildPhase;
			buildActionMask = 2147483647;
			files = (
				6F137BB82875018400F3C4CA /* Assets.xcassets in Resources */,
			);
			runOnlyForDeploymentPostprocessing = 0;
		};
		6F137B992875018400F3C4CA /* Resources */ = {
			isa = PBXResourcesBuildPhase;
			buildActionMask = 2147483647;
			files = (
			);
			runOnlyForDeploymentPostprocessing = 0;
		};
		6F137BA52875018400F3C4CA /* Resources */ = {
			isa = PBXResourcesBuildPhase;
			buildActionMask = 2147483647;
			files = (
			);
			runOnlyForDeploymentPostprocessing = 0;
		};
/* End PBXResourcesBuildPhase section */

/* Begin PBXSourcesBuildPhase section */
		6F137B8A2875018300F3C4CA /* Sources */ = {
			isa = PBXSourcesBuildPhase;
			buildActionMask = 2147483647;
			files = (
				6F8FB4032877BCF200AEF925 /* ScannerView.swift in Sources */,
				6F137BB12875018400F3C4CA /* LearningMachineLearningApp.swift in Sources */,
				6F8FB3FC2877BC7900AEF925 /* TextScannerModel.swift in Sources */,
				6F137BD528774FD600F3C4CA /* MainView.swift in Sources */,
				6F8FB40D2877C72400AEF925 /* ButtonView.swift in Sources */,
				6F137BB52875018400F3C4CA /* Persistence.swift in Sources */,
				6F137BAF2875018400F3C4CA /* LearningMachineLearning.xcdatamodeld in Sources */,
				6F8FB4062877BD1800AEF925 /* TextRecognition.swift in Sources */,
				6F137BD028774F6B00F3C4CA /* TextScanner.swift in Sources */,
				6F137BB32875018400F3C4CA /* ContentView.swift in Sources */,
				6F137BD82877562000F3C4CA /* TextPreviewView.swift in Sources */,
				6F8FB4102877CD2600AEF925 /* Constants.swift in Sources */,
			);
			runOnlyForDeploymentPostprocessing = 0;
		};
		6F137B902875018300F3C4CA /* Sources */ = {
			isa = PBXSourcesBuildPhase;
			buildActionMask = 2147483647;
			files = (
				6F8FB4042877BCF200AEF925 /* ScannerView.swift in Sources */,
				6F137BB22875018400F3C4CA /* LearningMachineLearningApp.swift in Sources */,
				6F8FB3FD2877BC8100AEF925 /* TextScannerModel.swift in Sources */,
				6F137BD628774FD600F3C4CA /* MainView.swift in Sources */,
				6F8FB40E2877C72400AEF925 /* ButtonView.swift in Sources */,
				6F137BB62875018400F3C4CA /* Persistence.swift in Sources */,
				6F137BB02875018400F3C4CA /* LearningMachineLearning.xcdatamodeld in Sources */,
				6F8FB4072877BD1800AEF925 /* TextRecognition.swift in Sources */,
				6F137BD128774F6B00F3C4CA /* TextScanner.swift in Sources */,
				6F137BB42875018400F3C4CA /* ContentView.swift in Sources */,
				6F137BD92877562000F3C4CA /* TextPreviewView.swift in Sources */,
				6F8FB4112877CD2600AEF925 /* Constants.swift in Sources */,
			);
			runOnlyForDeploymentPostprocessing = 0;
		};
		6F137B972875018400F3C4CA /* Sources */ = {
			isa = PBXSourcesBuildPhase;
			buildActionMask = 2147483647;
			files = (
				6F137BA22875018400F3C4CA /* Tests_iOSLaunchTests.swift in Sources */,
				6F137BDA2877562000F3C4CA /* TextPreviewView.swift in Sources */,
				6F137BA02875018400F3C4CA /* Tests_iOS.swift in Sources */,
				6F8FB4002877BCD000AEF925 /* TextScanner.swift in Sources */,
			);
			runOnlyForDeploymentPostprocessing = 0;
		};
		6F137BA32875018400F3C4CA /* Sources */ = {
			isa = PBXSourcesBuildPhase;
			buildActionMask = 2147483647;
			files = (
				6F137BAE2875018400F3C4CA /* Tests_macOSLaunchTests.swift in Sources */,
				6F137BDB2877562000F3C4CA /* TextPreviewView.swift in Sources */,
				6F137BAC2875018400F3C4CA /* Tests_macOS.swift in Sources */,
				6F8FB3FF2877BCD000AEF925 /* TextScanner.swift in Sources */,
			);
			runOnlyForDeploymentPostprocessing = 0;
		};
/* End PBXSourcesBuildPhase section */

/* Begin PBXTargetDependency section */
		6F137B9D2875018400F3C4CA /* PBXTargetDependency */ = {
			isa = PBXTargetDependency;
			target = 6F137B8D2875018300F3C4CA /* LearningMachineLearning (iOS) */;
			targetProxy = 6F137B9C2875018400F3C4CA /* PBXContainerItemProxy */;
		};
		6F137BA92875018400F3C4CA /* PBXTargetDependency */ = {
			isa = PBXTargetDependency;
			target = 6F137B932875018300F3C4CA /* LearningMachineLearning (macOS) */;
			targetProxy = 6F137BA82875018400F3C4CA /* PBXContainerItemProxy */;
		};
/* End PBXTargetDependency section */

/* Begin XCBuildConfiguration section */
		6F137BB92875018400F3C4CA /* Debug */ = {
			isa = XCBuildConfiguration;
			buildSettings = {
				ALWAYS_SEARCH_USER_PATHS = NO;
				CLANG_ANALYZER_NONNULL = YES;
				CLANG_ANALYZER_NUMBER_OBJECT_CONVERSION = YES_AGGRESSIVE;
				CLANG_CXX_LANGUAGE_STANDARD = "gnu++17";
				CLANG_ENABLE_MODULES = YES;
				CLANG_ENABLE_OBJC_ARC = YES;
				CLANG_ENABLE_OBJC_WEAK = YES;
				CLANG_WARN_BLOCK_CAPTURE_AUTORELEASING = YES;
				CLANG_WARN_BOOL_CONVERSION = YES;
				CLANG_WARN_COMMA = YES;
				CLANG_WARN_CONSTANT_CONVERSION = YES;
				CLANG_WARN_DEPRECATED_OBJC_IMPLEMENTATIONS = YES;
				CLANG_WARN_DIRECT_OBJC_ISA_USAGE = YES_ERROR;
				CLANG_WARN_DOCUMENTATION_COMMENTS = YES;
				CLANG_WARN_EMPTY_BODY = YES;
				CLANG_WARN_ENUM_CONVERSION = YES;
				CLANG_WARN_INFINITE_RECURSION = YES;
				CLANG_WARN_INT_CONVERSION = YES;
				CLANG_WARN_NON_LITERAL_NULL_CONVERSION = YES;
				CLANG_WARN_OBJC_IMPLICIT_RETAIN_SELF = YES;
				CLANG_WARN_OBJC_LITERAL_CONVERSION = YES;
				CLANG_WARN_OBJC_ROOT_CLASS = YES_ERROR;
				CLANG_WARN_QUOTED_INCLUDE_IN_FRAMEWORK_HEADER = YES;
				CLANG_WARN_RANGE_LOOP_ANALYSIS = YES;
				CLANG_WARN_STRICT_PROTOTYPES = YES;
				CLANG_WARN_SUSPICIOUS_MOVE = YES;
				CLANG_WARN_UNGUARDED_AVAILABILITY = YES_AGGRESSIVE;
				CLANG_WARN_UNREACHABLE_CODE = YES;
				CLANG_WARN__DUPLICATE_METHOD_MATCH = YES;
				COPY_PHASE_STRIP = NO;
				DEBUG_INFORMATION_FORMAT = dwarf;
				ENABLE_STRICT_OBJC_MSGSEND = YES;
				ENABLE_TESTABILITY = YES;
				GCC_C_LANGUAGE_STANDARD = gnu11;
				GCC_DYNAMIC_NO_PIC = NO;
				GCC_NO_COMMON_BLOCKS = YES;
				GCC_OPTIMIZATION_LEVEL = 0;
				GCC_PREPROCESSOR_DEFINITIONS = (
					"DEBUG=1",
					"$(inherited)",
				);
				GCC_WARN_64_TO_32_BIT_CONVERSION = YES;
				GCC_WARN_ABOUT_RETURN_TYPE = YES_ERROR;
				GCC_WARN_UNDECLARED_SELECTOR = YES;
				GCC_WARN_UNINITIALIZED_AUTOS = YES_AGGRESSIVE;
				GCC_WARN_UNUSED_FUNCTION = YES;
				GCC_WARN_UNUSED_VARIABLE = YES;
				MTL_ENABLE_DEBUG_INFO = INCLUDE_SOURCE;
				MTL_FAST_MATH = YES;
				ONLY_ACTIVE_ARCH = YES;
				SWIFT_ACTIVE_COMPILATION_CONDITIONS = DEBUG;
				SWIFT_OPTIMIZATION_LEVEL = "-Onone";
			};
			name = Debug;
		};
		6F137BBA2875018400F3C4CA /* Release */ = {
			isa = XCBuildConfiguration;
			buildSettings = {
				ALWAYS_SEARCH_USER_PATHS = NO;
				CLANG_ANALYZER_NONNULL = YES;
				CLANG_ANALYZER_NUMBER_OBJECT_CONVERSION = YES_AGGRESSIVE;
				CLANG_CXX_LANGUAGE_STANDARD = "gnu++17";
				CLANG_ENABLE_MODULES = YES;
				CLANG_ENABLE_OBJC_ARC = YES;
				CLANG_ENABLE_OBJC_WEAK = YES;
				CLANG_WARN_BLOCK_CAPTURE_AUTORELEASING = YES;
				CLANG_WARN_BOOL_CONVERSION = YES;
				CLANG_WARN_COMMA = YES;
				CLANG_WARN_CONSTANT_CONVERSION = YES;
				CLANG_WARN_DEPRECATED_OBJC_IMPLEMENTATIONS = YES;
				CLANG_WARN_DIRECT_OBJC_ISA_USAGE = YES_ERROR;
				CLANG_WARN_DOCUMENTATION_COMMENTS = YES;
				CLANG_WARN_EMPTY_BODY = YES;
				CLANG_WARN_ENUM_CONVERSION = YES;
				CLANG_WARN_INFINITE_RECURSION = YES;
				CLANG_WARN_INT_CONVERSION = YES;
				CLANG_WARN_NON_LITERAL_NULL_CONVERSION = YES;
				CLANG_WARN_OBJC_IMPLICIT_RETAIN_SELF = YES;
				CLANG_WARN_OBJC_LITERAL_CONVERSION = YES;
				CLANG_WARN_OBJC_ROOT_CLASS = YES_ERROR;
				CLANG_WARN_QUOTED_INCLUDE_IN_FRAMEWORK_HEADER = YES;
				CLANG_WARN_RANGE_LOOP_ANALYSIS = YES;
				CLANG_WARN_STRICT_PROTOTYPES = YES;
				CLANG_WARN_SUSPICIOUS_MOVE = YES;
				CLANG_WARN_UNGUARDED_AVAILABILITY = YES_AGGRESSIVE;
				CLANG_WARN_UNREACHABLE_CODE = YES;
				CLANG_WARN__DUPLICATE_METHOD_MATCH = YES;
				COPY_PHASE_STRIP = NO;
				DEBUG_INFORMATION_FORMAT = "dwarf-with-dsym";
				ENABLE_NS_ASSERTIONS = NO;
				ENABLE_STRICT_OBJC_MSGSEND = YES;
				GCC_C_LANGUAGE_STANDARD = gnu11;
				GCC_NO_COMMON_BLOCKS = YES;
				GCC_WARN_64_TO_32_BIT_CONVERSION = YES;
				GCC_WARN_ABOUT_RETURN_TYPE = YES_ERROR;
				GCC_WARN_UNDECLARED_SELECTOR = YES;
				GCC_WARN_UNINITIALIZED_AUTOS = YES_AGGRESSIVE;
				GCC_WARN_UNUSED_FUNCTION = YES;
				GCC_WARN_UNUSED_VARIABLE = YES;
				MTL_ENABLE_DEBUG_INFO = NO;
				MTL_FAST_MATH = YES;
				SWIFT_COMPILATION_MODE = wholemodule;
				SWIFT_OPTIMIZATION_LEVEL = "-O";
			};
			name = Release;
		};
		6F137BBC2875018400F3C4CA /* Debug */ = {
			isa = XCBuildConfiguration;
			buildSettings = {
				ASSETCATALOG_COMPILER_APPICON_NAME = AppIcon;
				ASSETCATALOG_COMPILER_GLOBAL_ACCENT_COLOR_NAME = AccentColor;
				CODE_SIGN_STYLE = Automatic;
				CURRENT_PROJECT_VERSION = 1;
				DEVELOPMENT_TEAM = K328B98U3F;
				ENABLE_PREVIEWS = YES;
				GENERATE_INFOPLIST_FILE = YES;
				INFOPLIST_KEY_NSCameraUsageDescription = "The app needs to access the camera in order to scan documents.";
				INFOPLIST_KEY_UIApplicationSceneManifest_Generation = YES;
				INFOPLIST_KEY_UIApplicationSupportsIndirectInputEvents = YES;
				INFOPLIST_KEY_UILaunchScreen_Generation = YES;
				INFOPLIST_KEY_UISupportedInterfaceOrientations_iPad = "UIInterfaceOrientationPortrait UIInterfaceOrientationPortraitUpsideDown UIInterfaceOrientationLandscapeLeft UIInterfaceOrientationLandscapeRight";
				INFOPLIST_KEY_UISupportedInterfaceOrientations_iPhone = "UIInterfaceOrientationPortrait UIInterfaceOrientationLandscapeLeft UIInterfaceOrientationLandscapeRight";
				IPHONEOS_DEPLOYMENT_TARGET = 15.5;
				LD_RUNPATH_SEARCH_PATHS = (
					"$(inherited)",
					"@executable_path/Frameworks",
				);
				MARKETING_VERSION = 1.0;
				PRODUCT_BUNDLE_IDENTIFIER = br.com.bridge9.LearningMachineLearning;
				PRODUCT_NAME = LearningMachineLearning;
				SDKROOT = iphoneos;
				SWIFT_EMIT_LOC_STRINGS = YES;
				SWIFT_VERSION = 5.0;
				TARGETED_DEVICE_FAMILY = "1,2";
			};
			name = Debug;
		};
		6F137BBD2875018400F3C4CA /* Release */ = {
			isa = XCBuildConfiguration;
			buildSettings = {
				ASSETCATALOG_COMPILER_APPICON_NAME = AppIcon;
				ASSETCATALOG_COMPILER_GLOBAL_ACCENT_COLOR_NAME = AccentColor;
				CODE_SIGN_STYLE = Automatic;
				CURRENT_PROJECT_VERSION = 1;
				DEVELOPMENT_TEAM = K328B98U3F;
				ENABLE_PREVIEWS = YES;
				GENERATE_INFOPLIST_FILE = YES;
				INFOPLIST_KEY_NSCameraUsageDescription = "The app needs to access the camera in order to scan documents.";
				INFOPLIST_KEY_UIApplicationSceneManifest_Generation = YES;
				INFOPLIST_KEY_UIApplicationSupportsIndirectInputEvents = YES;
				INFOPLIST_KEY_UILaunchScreen_Generation = YES;
				INFOPLIST_KEY_UISupportedInterfaceOrientations_iPad = "UIInterfaceOrientationPortrait UIInterfaceOrientationPortraitUpsideDown UIInterfaceOrientationLandscapeLeft UIInterfaceOrientationLandscapeRight";
				INFOPLIST_KEY_UISupportedInterfaceOrientations_iPhone = "UIInterfaceOrientationPortrait UIInterfaceOrientationLandscapeLeft UIInterfaceOrientationLandscapeRight";
				IPHONEOS_DEPLOYMENT_TARGET = 15.5;
				LD_RUNPATH_SEARCH_PATHS = (
					"$(inherited)",
					"@executable_path/Frameworks",
				);
				MARKETING_VERSION = 1.0;
				PRODUCT_BUNDLE_IDENTIFIER = br.com.bridge9.LearningMachineLearning;
				PRODUCT_NAME = LearningMachineLearning;
				SDKROOT = iphoneos;
				SWIFT_EMIT_LOC_STRINGS = YES;
				SWIFT_VERSION = 5.0;
				TARGETED_DEVICE_FAMILY = "1,2";
				VALIDATE_PRODUCT = YES;
			};
			name = Release;
		};
		6F137BBF2875018400F3C4CA /* Debug */ = {
			isa = XCBuildConfiguration;
			buildSettings = {
				ASSETCATALOG_COMPILER_APPICON_NAME = AppIcon;
				ASSETCATALOG_COMPILER_GLOBAL_ACCENT_COLOR_NAME = AccentColor;
				CODE_SIGN_ENTITLEMENTS = macOS/macOS.entitlements;
				CODE_SIGN_STYLE = Automatic;
				COMBINE_HIDPI_IMAGES = YES;
				CURRENT_PROJECT_VERSION = 1;
				DEVELOPMENT_TEAM = K328B98U3F;
				ENABLE_HARDENED_RUNTIME = YES;
				ENABLE_PREVIEWS = YES;
				GENERATE_INFOPLIST_FILE = YES;
				INFOPLIST_KEY_NSHumanReadableCopyright = "";
				LD_RUNPATH_SEARCH_PATHS = (
					"$(inherited)",
					"@executable_path/../Frameworks",
				);
				MACOSX_DEPLOYMENT_TARGET = 12.3;
				MARKETING_VERSION = 1.0;
				PRODUCT_BUNDLE_IDENTIFIER = br.com.bridge9.LearningMachineLearning;
				PRODUCT_NAME = LearningMachineLearning;
				SDKROOT = macosx;
				SWIFT_EMIT_LOC_STRINGS = YES;
				SWIFT_VERSION = 5.0;
			};
			name = Debug;
		};
		6F137BC02875018400F3C4CA /* Release */ = {
			isa = XCBuildConfiguration;
			buildSettings = {
				ASSETCATALOG_COMPILER_APPICON_NAME = AppIcon;
				ASSETCATALOG_COMPILER_GLOBAL_ACCENT_COLOR_NAME = AccentColor;
				CODE_SIGN_ENTITLEMENTS = macOS/macOS.entitlements;
				CODE_SIGN_STYLE = Automatic;
				COMBINE_HIDPI_IMAGES = YES;
				CURRENT_PROJECT_VERSION = 1;
				DEVELOPMENT_TEAM = K328B98U3F;
				ENABLE_HARDENED_RUNTIME = YES;
				ENABLE_PREVIEWS = YES;
				GENERATE_INFOPLIST_FILE = YES;
				INFOPLIST_KEY_NSHumanReadableCopyright = "";
				LD_RUNPATH_SEARCH_PATHS = (
					"$(inherited)",
					"@executable_path/../Frameworks",
				);
				MACOSX_DEPLOYMENT_TARGET = 12.3;
				MARKETING_VERSION = 1.0;
				PRODUCT_BUNDLE_IDENTIFIER = br.com.bridge9.LearningMachineLearning;
				PRODUCT_NAME = LearningMachineLearning;
				SDKROOT = macosx;
				SWIFT_EMIT_LOC_STRINGS = YES;
				SWIFT_VERSION = 5.0;
			};
			name = Release;
		};
		6F137BC22875018400F3C4CA /* Debug */ = {
			isa = XCBuildConfiguration;
			buildSettings = {
				ALWAYS_EMBED_SWIFT_STANDARD_LIBRARIES = YES;
				CODE_SIGN_STYLE = Automatic;
				CURRENT_PROJECT_VERSION = 1;
				DEVELOPMENT_TEAM = K328B98U3F;
				GENERATE_INFOPLIST_FILE = YES;
				IPHONEOS_DEPLOYMENT_TARGET = 15.5;
				MARKETING_VERSION = 1.0;
				PRODUCT_BUNDLE_IDENTIFIER = "br.com.bridge9.Tests-iOS";
				PRODUCT_NAME = "$(TARGET_NAME)";
				SDKROOT = iphoneos;
				SWIFT_EMIT_LOC_STRINGS = NO;
				SWIFT_VERSION = 5.0;
				TARGETED_DEVICE_FAMILY = "1,2";
				TEST_TARGET_NAME = "LearningMachineLearning (iOS)";
			};
			name = Debug;
		};
		6F137BC32875018400F3C4CA /* Release */ = {
			isa = XCBuildConfiguration;
			buildSettings = {
				ALWAYS_EMBED_SWIFT_STANDARD_LIBRARIES = YES;
				CODE_SIGN_STYLE = Automatic;
				CURRENT_PROJECT_VERSION = 1;
				DEVELOPMENT_TEAM = K328B98U3F;
				GENERATE_INFOPLIST_FILE = YES;
				IPHONEOS_DEPLOYMENT_TARGET = 15.5;
				MARKETING_VERSION = 1.0;
				PRODUCT_BUNDLE_IDENTIFIER = "br.com.bridge9.Tests-iOS";
				PRODUCT_NAME = "$(TARGET_NAME)";
				SDKROOT = iphoneos;
				SWIFT_EMIT_LOC_STRINGS = NO;
				SWIFT_VERSION = 5.0;
				TARGETED_DEVICE_FAMILY = "1,2";
				TEST_TARGET_NAME = "LearningMachineLearning (iOS)";
				VALIDATE_PRODUCT = YES;
			};
			name = Release;
		};
		6F137BC52875018400F3C4CA /* Debug */ = {
			isa = XCBuildConfiguration;
			buildSettings = {
				ALWAYS_EMBED_SWIFT_STANDARD_LIBRARIES = YES;
				CODE_SIGN_STYLE = Automatic;
				CURRENT_PROJECT_VERSION = 1;
				DEVELOPMENT_TEAM = K328B98U3F;
				GENERATE_INFOPLIST_FILE = YES;
				MACOSX_DEPLOYMENT_TARGET = 12.3;
				MARKETING_VERSION = 1.0;
				PRODUCT_BUNDLE_IDENTIFIER = "br.com.bridge9.Tests-macOS";
				PRODUCT_NAME = "$(TARGET_NAME)";
				SDKROOT = macosx;
				SWIFT_EMIT_LOC_STRINGS = NO;
				SWIFT_VERSION = 5.0;
				TEST_TARGET_NAME = "LearningMachineLearning (macOS)";
			};
			name = Debug;
		};
		6F137BC62875018400F3C4CA /* Release */ = {
			isa = XCBuildConfiguration;
			buildSettings = {
				ALWAYS_EMBED_SWIFT_STANDARD_LIBRARIES = YES;
				CODE_SIGN_STYLE = Automatic;
				CURRENT_PROJECT_VERSION = 1;
				DEVELOPMENT_TEAM = K328B98U3F;
				GENERATE_INFOPLIST_FILE = YES;
				MACOSX_DEPLOYMENT_TARGET = 12.3;
				MARKETING_VERSION = 1.0;
				PRODUCT_BUNDLE_IDENTIFIER = "br.com.bridge9.Tests-macOS";
				PRODUCT_NAME = "$(TARGET_NAME)";
				SDKROOT = macosx;
				SWIFT_EMIT_LOC_STRINGS = NO;
				SWIFT_VERSION = 5.0;
				TEST_TARGET_NAME = "LearningMachineLearning (macOS)";
			};
			name = Release;
		};
/* End XCBuildConfiguration section */

/* Begin XCConfigurationList section */
		6F137B822875018100F3C4CA /* Build configuration list for PBXProject "LearningMachineLearning" */ = {
			isa = XCConfigurationList;
			buildConfigurations = (
				6F137BB92875018400F3C4CA /* Debug */,
				6F137BBA2875018400F3C4CA /* Release */,
			);
			defaultConfigurationIsVisible = 0;
			defaultConfigurationName = Release;
		};
		6F137BBB2875018400F3C4CA /* Build configuration list for PBXNativeTarget "LearningMachineLearning (iOS)" */ = {
			isa = XCConfigurationList;
			buildConfigurations = (
				6F137BBC2875018400F3C4CA /* Debug */,
				6F137BBD2875018400F3C4CA /* Release */,
			);
			defaultConfigurationIsVisible = 0;
			defaultConfigurationName = Release;
		};
		6F137BBE2875018400F3C4CA /* Build configuration list for PBXNativeTarget "LearningMachineLearning (macOS)" */ = {
			isa = XCConfigurationList;
			buildConfigurations = (
				6F137BBF2875018400F3C4CA /* Debug */,
				6F137BC02875018400F3C4CA /* Release */,
			);
			defaultConfigurationIsVisible = 0;
			defaultConfigurationName = Release;
		};
		6F137BC12875018400F3C4CA /* Build configuration list for PBXNativeTarget "Tests iOS" */ = {
			isa = XCConfigurationList;
			buildConfigurations = (
				6F137BC22875018400F3C4CA /* Debug */,
				6F137BC32875018400F3C4CA /* Release */,
			);
			defaultConfigurationIsVisible = 0;
			defaultConfigurationName = Release;
		};
		6F137BC42875018400F3C4CA /* Build configuration list for PBXNativeTarget "Tests macOS" */ = {
			isa = XCConfigurationList;
			buildConfigurations = (
				6F137BC52875018400F3C4CA /* Debug */,
				6F137BC62875018400F3C4CA /* Release */,
			);
			defaultConfigurationIsVisible = 0;
			defaultConfigurationName = Release;
		};
/* End XCConfigurationList section */

/* Begin XCVersionGroup section */
		6F137B842875018100F3C4CA /* LearningMachineLearning.xcdatamodeld */ = {
			isa = XCVersionGroup;
			children = (
				6F137B852875018100F3C4CA /* Shared.xcdatamodel */,
			);
			currentVersion = 6F137B852875018100F3C4CA /* Shared.xcdatamodel */;
			path = LearningMachineLearning.xcdatamodeld;
			sourceTree = "<group>";
			versionGroupType = wrapper.xcdatamodel;
		};
/* End XCVersionGroup section */
	};
	rootObject = 6F137B7F2875018100F3C4CA /* Project object */;
}
